# This file is automatically @generated by Wally.
# It is not intended for manual editing.
registry = "test"

[[package]]
name = "crusherfire/module-loader"
version = "3.0.4"
dependencies = []

[[package]]
name = "data-oriented-house/lemonsignal"
version = "2.0.0"
dependencies = []

[[package]]
name = "ericplane/scribe"
version = "2.3.0"
dependencies = []

[[package]]
name = "evaera/promise"
version = "4.0.0"
dependencies = []

[[package]]
name = "howmanysmall/janitor"
version = "1.18.3"
dependencies = [["Promise", "howmanysmall/typed-promise@4.0.6"]]

[[package]]
name = "howmanysmall/typed-promise"
version = "4.0.6"
dependencies = [["Promise", "evaera/promise@4.0.0"]]

[[package]]
name = "lowle/diegetic-ui"
version = "0.1.0"
dependencies = [["Janitor", "howmanysmall/janitor@1.18.3"], ["LemonSignal", "data-oriented-house/lemonsignal@2.0.0"], ["ModuleLoader", "crusherfire/module-loader@3.0.4"], ["Scribe", "ericplane/scribe@2.3.0"]]
